
Microsoft Visual Studio Solution File, Format Version 12.00
# Visual Studio Version 17
VisualStudioVersion = 17.3.32929.385
MinimumVisualStudioVersion = 10.0.40219.1
Project("{9A19103F-16F7-4668-BE54-9A1E7A4F7556}") = "TestApiProject", "TestApiProject.csproj", "{42DA7AD7-FB58-4064-B33F-0360E7D22A78}"
EndProject
Project("{FAE04EC0-301F-11D3-BF4B-00C04F79EFBC}") = "XunitTestApi", "..\XunitTestApi\XunitTestApi.csproj", "{D3F9F550-6AEC-451E-9D92-1BAFF39C7FF4}"
EndProject
Global
	GlobalSection(SolutionConfigurationPlatforms) = preSolution
		Debug|Any CPU = Debug|Any CPU
		Release|Any CPU = Release|Any CPU
	EndGlobalSection
	GlobalSection(ProjectConfigurationPlatforms) = postSolution
		{42DA7AD7-FB58-4064-B33F-0360E7D22A78}.Debug|Any CPU.ActiveCfg = Debug|Any CPU
		{42DA7AD7-FB58-4064-B33F-0360E7D22A78}.Debug|Any CPU.Build.0 = Debug|Any CPU
		{42DA7AD7-FB58-4064-B33F-0360E7D22A78}.Release|Any CPU.ActiveCfg = Release|Any CPU
		{42DA7AD7-FB58-4064-B33F-0360E7D22A78}.Release|Any CPU.Build.0 = Release|Any CPU
		{D3F9F550-6AEC-451E-9D92-1BAFF39C7FF4}.Debug|Any CPU.ActiveCfg = Debug|Any CPU
		{D3F9F550-6AEC-451E-9D92-1BAFF39C7FF4}.Debug|Any CPU.Build.0 = Debug|Any CPU
		{D3F9F550-6AEC-451E-9D92-1BAFF39C7FF4}.Release|Any CPU.ActiveCfg = Release|Any CPU
		{D3F9F550-6AEC-451E-9D92-1BAFF39C7FF4}.Release|Any CPU.Build.0 = Release|Any CPU
	EndGlobalSection
	GlobalSection(SolutionProperties) = preSolution
		HideSolutionNode = FALSE
	EndGlobalSection
	GlobalSection(ExtensibilityGlobals) = postSolution
		SolutionGuid = {9E707089-2846-475C-9D00-B379FE0C4682}
	EndGlobalSection
EndGlobal
